
Microsoft Visual Studio Solution File, Format Version 12.00
# Visual Studio Version 17
VisualStudioVersion = 17.7.34031.279
MinimumVisualStudioVersion = 10.0.40219.1
Project("{8BC9CEB8-8B4A-11D0-8D11-00A0C91BC942}") = "Домашнее задание 5 задача 3", "Домашнее задание 5 задача 3\Домашнее задание 5 задача 3.vcxproj", "{0ABA21A5-2346-4810-A995-C81F495EFE40}"
EndProject
Global
	GlobalSection(SolutionConfigurationPlatforms) = preSolution
		Debug|x64 = Debug|x64
		Debug|x86 = Debug|x86
		Release|x64 = Release|x64
		Release|x86 = Release|x86
	EndGlobalSection
	GlobalSection(ProjectConfigurationPlatforms) = postSolution
		{0ABA21A5-2346-4810-A995-C81F495EFE40}.Debug|x64.ActiveCfg = Debug|x64
		{0ABA21A5-2346-4810-A995-C81F495EFE40}.Debug|x64.Build.0 = Debug|x64
		{0ABA21A5-2346-4810-A995-C81F495EFE40}.Debug|x86.ActiveCfg = Debug|Win32
		{0ABA21A5-2346-4810-A995-C81F495EFE40}.Debug|x86.Build.0 = Debug|Win32
		{0ABA21A5-2346-4810-A995-C81F495EFE40}.Release|x64.ActiveCfg = Release|x64
		{0ABA21A5-2346-4810-A995-C81F495EFE40}.Release|x64.Build.0 = Release|x64
		{0ABA21A5-2346-4810-A995-C81F495EFE40}.Release|x86.ActiveCfg = Release|Win32
		{0ABA21A5-2346-4810-A995-C81F495EFE40}.Release|x86.Build.0 = Release|Win32
	EndGlobalSection
	GlobalSection(SolutionProperties) = preSolution
		HideSolutionNode = FALSE
	EndGlobalSection
	GlobalSection(ExtensibilityGlobals) = postSolution
		SolutionGuid = {4552E06F-E7A1-480A-BF3E-E68D5F949E89}
	EndGlobalSection
EndGlobal
